PATH
  remote: /Users/felixclack/Sites/github/business_time
  specs:
    business_time (0.6.2)
      activesupport (>= 2.0.0)
      tzinfo (~> 0.3.31)

GEM
  remote: http://rubygems.org/
  specs:
    activesupport (2.3.14)
    appraisal (0.4.1)
      bundler
      rake
    json (1.7.5)
    rake (0.9.2.2)
    rdoc (3.12)
      json (~> 1.4)
    shoulda (3.0.1)
      shoulda-context (~> 1.0.0)
      shoulda-matchers (~> 1.0.0)
    shoulda-context (1.0.0)
    shoulda-matchers (1.0.0)
    tzinfo (0.3.33)

PLATFORMS
  ruby

DEPENDENCIES
  activesupport (~> 2.0)
  appraisal
  business_time!
  rake (>= 0.9.2)
  rdoc
  shoulda
